
Microsoft Visual Studio Solution File, Format Version 12.00
# Visual Studio 15
VisualStudioVersion = 15.0.28307.329
MinimumVisualStudioVersion = 10.0.40219.1
Project("{FAE04EC0-301F-11D3-BF4B-00C04F79EFBC}") = "BuySomeBook.DAL", "BuySomeBook.DAL\BuySomeBook.DAL.csproj", "{009C4EAD-695C-4A42-85FD-85AC20CA4273}"
EndProject
Project("{FAE04EC0-301F-11D3-BF4B-00C04F79EFBC}") = "BuySomeBook.BOL", "BuySomeBook.BOL\BuySomeBook.BOL.csproj", "{1E48B34D-6C69-41FC-BC82-A7A8EA5FB761}"
EndProject
Project("{FAE04EC0-301F-11D3-BF4B-00C04F79EFBC}") = "BuySomeBook.BLL", "BuySomeBook.BLL\BuySomeBook.BLL.csproj", "{A2146BD8-4ED4-4DE9-B4BB-CBF14C92473C}"
EndProject
Project("{FAE04EC0-301F-11D3-BF4B-00C04F79EFBC}") = "BuySomeBook.WebUI", "BuySomeBook.WebUI\BuySomeBook.WebUI.csproj", "{46E3C34F-1A57-410E-84A7-E372035BB864}"
EndProject
Global
	GlobalSection(SolutionConfigurationPlatforms) = preSolution
		Debug|Any CPU = Debug|Any CPU
		Release|Any CPU = Release|Any CPU
	EndGlobalSection
	GlobalSection(ProjectConfigurationPlatforms) = postSolution
		{009C4EAD-695C-4A42-85FD-85AC20CA4273}.Debug|Any CPU.ActiveCfg = Debug|Any CPU
		{009C4EAD-695C-4A42-85FD-85AC20CA4273}.Debug|Any CPU.Build.0 = Debug|Any CPU
		{009C4EAD-695C-4A42-85FD-85AC20CA4273}.Release|Any CPU.ActiveCfg = Release|Any CPU
		{009C4EAD-695C-4A42-85FD-85AC20CA4273}.Release|Any CPU.Build.0 = Release|Any CPU
		{1E48B34D-6C69-41FC-BC82-A7A8EA5FB761}.Debug|Any CPU.ActiveCfg = Debug|Any CPU
		{1E48B34D-6C69-41FC-BC82-A7A8EA5FB761}.Debug|Any CPU.Build.0 = Debug|Any CPU
		{1E48B34D-6C69-41FC-BC82-A7A8EA5FB761}.Release|Any CPU.ActiveCfg = Release|Any CPU
		{1E48B34D-6C69-41FC-BC82-A7A8EA5FB761}.Release|Any CPU.Build.0 = Release|Any CPU
		{A2146BD8-4ED4-4DE9-B4BB-CBF14C92473C}.Debug|Any CPU.ActiveCfg = Debug|Any CPU
		{A2146BD8-4ED4-4DE9-B4BB-CBF14C92473C}.Debug|Any CPU.Build.0 = Debug|Any CPU
		{A2146BD8-4ED4-4DE9-B4BB-CBF14C92473C}.Release|Any CPU.ActiveCfg = Release|Any CPU
		{A2146BD8-4ED4-4DE9-B4BB-CBF14C92473C}.Release|Any CPU.Build.0 = Release|Any CPU
		{46E3C34F-1A57-410E-84A7-E372035BB864}.Debug|Any CPU.ActiveCfg = Debug|Any CPU
		{46E3C34F-1A57-410E-84A7-E372035BB864}.Debug|Any CPU.Build.0 = Debug|Any CPU
		{46E3C34F-1A57-410E-84A7-E372035BB864}.Release|Any CPU.ActiveCfg = Release|Any CPU
		{46E3C34F-1A57-410E-84A7-E372035BB864}.Release|Any CPU.Build.0 = Release|Any CPU
	EndGlobalSection
	GlobalSection(SolutionProperties) = preSolution
		HideSolutionNode = FALSE
	EndGlobalSection
	GlobalSection(ExtensibilityGlobals) = postSolution
		SolutionGuid = {FD6923DA-139C-42DB-BD2D-2BB4681D44A7}
	EndGlobalSection
EndGlobal
